PODS:
  - AFNetworking (3.2.1):
    - AFNetworking/NSURLSession (= 3.2.1)
    - AFNetworking/Reachability (= 3.2.1)
    - AFNetworking/Security (= 3.2.1)
    - AFNetworking/Serialization (= 3.2.1)
    - AFNetworking/UIKit (= 3.2.1)
  - AFNetworking/NSURLSession (3.2.1):
    - AFNetworking/Reachability
    - AFNetworking/Security
    - AFNetworking/Serialization
  - AFNetworking/Reachability (3.2.1)
  - AFNetworking/Security (3.2.1)
  - AFNetworking/Serialization (3.2.1)
  - AFNetworking/UIKit (3.2.1):
    - AFNetworking/NSURLSession
  - FBSnapshotTestCase (2.1.4):
    - FBSnapshotTestCase/SwiftSupport (= 2.1.4)
  - FBSnapshotTestCase/Core (2.1.4)
  - FBSnapshotTestCase/SwiftSupport (2.1.4):
    - FBSnapshotTestCase/Core
  - WeCloudIosSdk (0.2.0):
    - AFNetworking (~> 3.2)

DEPENDENCIES:
  - FBSnapshotTestCase
  - WeCloudIosSdk (from `../`)

SPEC REPOS:
  trunk:
    - AFNetworking
    - FBSnapshotTestCase

EXTERNAL SOURCES:
  WeCloudIosSdk:
    :path: "../"

SPEC CHECKSUMS:
  AFNetworking: b6f891fdfaed196b46c7a83cf209e09697b94057
  FBSnapshotTestCase: 094f9f314decbabe373b87cc339bea235a63e07a
  WeCloudIosSdk: 4a63ad99a164e19afe519d9e29ec39dd199c9ca1

PODFILE CHECKSUM: 8f13bf9daf05e7d681050032c9617345f3056fa0

COCOAPODS: 1.10.0
